
Microsoft Visual Studio Solution File, Format Version 12.00
# Visual Studio Version 17
VisualStudioVersion = 17.0.31903.59
MinimumVisualStudioVersion = 10.0.40219.1
Project("{FAE04EC0-301F-11D3-BF4B-00C04F79EFBC}") = "BrokerServer", "BrokerServer\BrokerServer.csproj", "{716583F6-F139-43EE-80E4-AA0C76522279}"
EndProject
Project("{FAE04EC0-301F-11D3-BF4B-00C04F79EFBC}") = "BrokerClient", "BrokerClient\BrokerClient.csproj", "{D495652E-1717-4F93-9CF1-6D9E5DD42AEB}"
EndProject
Global
	GlobalSection(SolutionConfigurationPlatforms) = preSolution
		Debug|Any CPU = Debug|Any CPU
		Release|Any CPU = Release|Any CPU
	EndGlobalSection
	GlobalSection(SolutionProperties) = preSolution
		HideSolutionNode = FALSE
	EndGlobalSection
	GlobalSection(ProjectConfigurationPlatforms) = postSolution
		{716583F6-F139-43EE-80E4-AA0C76522279}.Debug|Any CPU.ActiveCfg = Debug|Any CPU
		{716583F6-F139-43EE-80E4-AA0C76522279}.Debug|Any CPU.Build.0 = Debug|Any CPU
		{716583F6-F139-43EE-80E4-AA0C76522279}.Release|Any CPU.ActiveCfg = Release|Any CPU
		{716583F6-F139-43EE-80E4-AA0C76522279}.Release|Any CPU.Build.0 = Release|Any CPU
		{D495652E-1717-4F93-9CF1-6D9E5DD42AEB}.Debug|Any CPU.ActiveCfg = Debug|Any CPU
		{D495652E-1717-4F93-9CF1-6D9E5DD42AEB}.Debug|Any CPU.Build.0 = Debug|Any CPU
		{D495652E-1717-4F93-9CF1-6D9E5DD42AEB}.Release|Any CPU.ActiveCfg = Release|Any CPU
		{D495652E-1717-4F93-9CF1-6D9E5DD42AEB}.Release|Any CPU.Build.0 = Release|Any CPU
	EndGlobalSection
EndGlobal
